
Microsoft Visual Studio Solution File, Format Version 12.00
# Visual Studio Version 16
VisualStudioVersion = 25.0.1704.1
MinimumVisualStudioVersion = 10.0.40219.1
Project("{FAE04EC0-301F-11D3-BF4B-00C04F79EFBC}") = "ShoppingCartMVC", "ShoppingCartMVC.csproj", "{96136FF2-C51B-4D85-9ABA-1255936B27F0}"
EndProject
Global
	GlobalSection(SolutionConfigurationPlatforms) = preSolution
		Debug|Any CPU = Debug|Any CPU
		Release|Any CPU = Release|Any CPU
	EndGlobalSection
	GlobalSection(ProjectConfigurationPlatforms) = postSolution
		{96136FF2-C51B-4D85-9ABA-1255936B27F0}.Debug|Any CPU.ActiveCfg = Debug|Any CPU
		{96136FF2-C51B-4D85-9ABA-1255936B27F0}.Debug|Any CPU.Build.0 = Debug|Any CPU
		{96136FF2-C51B-4D85-9ABA-1255936B27F0}.Release|Any CPU.ActiveCfg = Release|Any CPU
		{96136FF2-C51B-4D85-9ABA-1255936B27F0}.Release|Any CPU.Build.0 = Release|Any CPU
	EndGlobalSection
	GlobalSection(SolutionProperties) = preSolution
		HideSolutionNode = FALSE
	EndGlobalSection
	GlobalSection(ExtensibilityGlobals) = postSolution
		SolutionGuid = {C9D4036E-3BEB-4C01-860F-59EC10DBD7A9}
	EndGlobalSection
EndGlobal
